// !$*UTF8*$!
{
	archiveVersion = 1;
	classes = {
	};
	objectVersion = 46;
	objects = {

/* Begin PBXBuildFile section */
		3DBD49911F5DE79D0087ED71 /* AppDelegate.swift in Sources */ = {isa = PBXBuildFile; fileRef = 3DBD49901F5DE79D0087ED71 /* AppDelegate.swift */; };
		3DBD49931F5DE79D0087ED71 /* ViewController.swift in Sources */ = {isa = PBXBuildFile; fileRef = 3DBD49921F5DE79D0087ED71 /* ViewController.swift */; };
		3DBD49961F5DE79D0087ED71 /* Main.storyboard in Resources */ = {isa = PBXBuildFile; fileRef = 3DBD49941F5DE79D0087ED71 /* Main.storyboard */; };
		3DBD49981F5DE79D0087ED71 /* Assets.xcassets in Resources */ = {isa = PBXBuildFile; fileRef = 3DBD49971F5DE79D0087ED71 /* Assets.xcassets */; };
		3DBD499B1F5DE79D0087ED71 /* LaunchScreen.storyboard in Resources */ = {isa = PBXBuildFile; fileRef = 3DBD49991F5DE79D0087ED71 /* LaunchScreen.storyboard */; };
/* End PBXBuildFile section */

/* Begin PBXFileReference section */
		3DBD498D1F5DE79D0087ED71 /* GraphL10n.app */ = {isa = PBXFileReference; explicitFileType = wrapper.application; includeInIndex = 0; path = GraphL10n.app; sourceTree = BUILT_PRODUCTS_DIR; };
		3DBD49901F5DE79D0087ED71 /* AppDelegate.swift */ = {isa = PBXFileReference; lastKnownFileType = sourcecode.swift; path = AppDelegate.swift; sourceTree = "<group>"; };
		3DBD49921F5DE79D0087ED71 /* ViewController.swift */ = {isa = PBXFileReference; lastKnownFileType = sourcecode.swift; path = ViewController.swift; sourceTree = "<group>"; };
		3DBD49951F5DE79D0087ED71 /* Base */ = {isa = PBXFileReference; lastKnownFileType = file.storyboard; name = Base; path = Base.lproj/Main.storyboard; sourceTree = "<group>"; };
		3DBD49971F5DE79D0087ED71 /* Assets.xcassets */ = {isa = PBXFileReference; lastKnownFileType = folder.assetcatalog; path = Assets.xcassets; sourceTree = "<group>"; };
		3DBD499A1F5DE79D0087ED71 /* Base */ = {isa = PBXFileReference; lastKnownFileType = file.storyboard; name = Base; path = Base.lproj/LaunchScreen.storyboard; sourceTree = "<group>"; };
		3DBD499C1F5DE79D0087ED71 /* Info.plist */ = {isa = PBXFileReference; lastKnownFileType = text.plist.xml; path = Info.plist; sourceTree = "<group>"; };
/* End PBXFileReference section */

/* Begin PBXFrameworksBuildPhase section */
		3DBD498A1F5DE79D0087ED71 /* Frameworks */ = {
			isa = PBXFrameworksBuildPhase;
			buildActionMask = 2147483647;
			files = (
			);
			runOnlyForDeploymentPostprocessing = 0;
		};
/* End PBXFrameworksBuildPhase section */

/* Begin PBXGroup section */
		3DBD49841F5DE79D0087ED71 = {
			isa = PBXGroup;
			children = (
				3DBD498F1F5DE79D0087ED71 /* GraphL10n */,
				3DBD498E1F5DE79D0087ED71 /* Products */,
			);
			sourceTree = "<group>";
		};
		3DBD498E1F5DE79D0087ED71 /* Products */ = {
			isa = PBXGroup;
			children = (
				3DBD498D1F5DE79D0087ED71 /* GraphL10n.app */,
			);
			name = Products;
			sourceTree = "<group>";
		};
		3DBD498F1F5DE79D0087ED71 /* GraphL10n */ = {
			isa = PBXGroup;
			children = (
				3DBD49901F5DE79D0087ED71 /* AppDelegate.swift */,
				3DBD49921F5DE79D0087ED71 /* ViewController.swift */,
				3DBD49941F5DE79D0087ED71 /* Main.storyboard */,
				3DBD49971F5DE79D0087ED71 /* Assets.xcassets */,
				3DBD49991F5DE79D0087ED71 /* LaunchScreen.storyboard */,
				3DBD499C1F5DE79D0087ED71 /* Info.plist */,
			);
			path = GraphL10n;
			sourceTree = "<group>";
		};
/* End PBXGroup section */

/* Begin PBXNativeTarget section */
		3DBD498C1F5DE79D0087ED71 /* GraphL10n */ = {
			isa = PBXNativeTarget;
			buildConfigurationList = 3DBD499F1F5DE79D0087ED71 /* Build configuration list for PBXNativeTarget "GraphL10n" */;
			buildPhases = (
				3DBD49891F5DE79D0087ED71 /* Sources */,
				3DBD498A1F5DE79D0087ED71 /* Frameworks */,
				3DBD498B1F5DE79D0087ED71 /* Resources */,
			);
			buildRules = (
			);
			dependencies = (
			);
			name = GraphL10n;
			productName = GraphL10n;
			productReference = 3DBD498D1F5DE79D0087ED71 /* GraphL10n.app */;
			productType = "com.apple.product-type.application";
		};
/* End PBXNativeTarget section */

/* Begin PBXProject section */
		3DBD49851F5DE79D0087ED71 /* Project object */ = {
			isa = PBXProject;
			attributes = {
				LastSwiftUpdateCheck = 0830;
				LastUpgradeCheck = 0830;
				ORGANIZATIONNAME = "Funny Tryouts";
				TargetAttributes = {
					3DBD498C1F5DE79D0087ED71 = {
						CreatedOnToolsVersion = 8.3.3;
						DevelopmentTeam = BD2TPDQG5D;
						ProvisioningStyle = Automatic;
					};
				};
			};
			buildConfigurationList = 3DBD49881F5DE79D0087ED71 /* Build configuration list for PBXProject "GraphL10n" */;
			compatibilityVersion = "Xcode 3.2";
			developmentRegion = English;
			hasScannedForEncodings = 0;
			knownRegions = (
				en,
				Base,
			);
			mainGroup = 3DBD49841F5DE79D0087ED71;
			productRefGroup = 3DBD498E1F5DE79D0087ED71 /* Products */;
			projectDirPath = "";
			projectRoot = "";
			targets = (
				3DBD498C1F5DE79D0087ED71 /* GraphL10n */,
			);
		};
/* End PBXProject section */

/* Begin PBXResourcesBuildPhase section */
		3DBD498B1F5DE79D0087ED71 /* Resources */ = {
			isa = PBXResourcesBuildPhase;
			buildActionMask = 2147483647;
			files = (
				3DBD499B1F5DE79D0087ED71 /* LaunchScreen.storyboard in Resources */,
				3DBD49981F5DE79D0087ED71 /* Assets.xcassets in Resources */,
				3DBD49961F5DE79D0087ED71 /* Main.storyboard in Resources */,
			);
			runOnlyForDeploymentPostprocessing = 0;
		};
/* End PBXResourcesBuildPhase section */

/* Begin PBXSourcesBuildPhase section */
		3DBD49891F5DE79D0087ED71 /* Sources */ = {
			isa = PBXSourcesBuildPhase;
			buildActionMask = 2147483647;
			files = (
				3DBD49931F5DE79D0087ED71 /* ViewController.swift in Sources */,
				3DBD49911F5DE79D0087ED71 /* AppDelegate.swift in Sources */,
			);
			runOnlyForDeploymentPostprocessing = 0;
		};
/* End PBXSourcesBuildPhase section */

/* Begin PBXVariantGroup section */
		3DBD49941F5DE79D0087ED71 /* Main.storyboard */ = {
			isa = PBXVariantGroup;
			children = (
				3DBD49951F5DE79D0087ED71 /* Base */,
			);
			name = Main.storyboard;
			sourceTree = "<group>";
		};
		3DBD49991F5DE79D0087ED71 /* LaunchScreen.storyboard */ = {
			isa = PBXVariantGroup;
			children = (
				3DBD499A1F5DE79D0087ED71 /* Base */,
			);
			name = LaunchScreen.storyboard;
			sourceTree = "<group>";
		};
/* End PBXVariantGroup section */

/* Begin XCBuildConfiguration section */
		3DBD499D1F5DE79D0087ED71 /* Debug */ = {
			isa = XCBuildConfiguration;
			buildSettings = {
				ALWAYS_SEARCH_USER_PATHS = NO;
				CLANG_ANALYZER_NONNULL = YES;
				CLANG_ANALYZER_NUMBER_OBJECT_CONVERSION = YES_AGGRESSIVE;
				CLANG_CXX_LANGUAGE_STANDARD = "gnu++0x";
				CLANG_CXX_LIBRARY = "libc++";
				CLANG_ENABLE_MODULES = YES;
				CLANG_ENABLE_OBJC_ARC = YES;
				CLANG_WARN_BOOL_CONVERSION = YES;
				CLANG_WARN_CONSTANT_CONVERSION = YES;
				CLANG_WARN_DIRECT_OBJC_ISA_USAGE = YES_ERROR;
				CLANG_WARN_DOCUMENTATION_COMMENTS = YES;
				CLANG_WARN_EMPTY_BODY = YES;
				CLANG_WARN_ENUM_CONVERSION = YES;
				CLANG_WARN_INFINITE_RECURSION = YES;
				CLANG_WARN_INT_CONVERSION = YES;
				CLANG_WARN_OBJC_ROOT_CLASS = YES_ERROR;
				CLANG_WARN_SUSPICIOUS_MOVE = YES;
				CLANG_WARN_UNREACHABLE_CODE = YES;
				CLANG_WARN__DUPLICATE_METHOD_MATCH = YES;
				"CODE_SIGN_IDENTITY[sdk=iphoneos*]" = "iPhone Developer";
				COPY_PHASE_STRIP = NO;
				DEBUG_INFORMATION_FORMAT = dwarf;
				ENABLE_STRICT_OBJC_MSGSEND = YES;
				ENABLE_TESTABILITY = YES;
				GCC_C_LANGUAGE_STANDARD = gnu99;
				GCC_DYNAMIC_NO_PIC = NO;
				GCC_NO_COMMON_BLOCKS = YES;
				GCC_OPTIMIZATION_LEVEL = 0;
				GCC_PREPROCESSOR_DEFINITIONS = (
					"DEBUG=1",
					"$(inherited)",
				);
				GCC_WARN_64_TO_32_BIT_CONVERSION = YES;
				GCC_WARN_ABOUT_RETURN_TYPE = YES_ERROR;
				GCC_WARN_UNDECLARED_SELECTOR = YES;
				GCC_WARN_UNINITIALIZED_AUTOS = YES_AGGRESSIVE;
				GCC_WARN_UNUSED_FUNCTION = YES;
				GCC_WARN_UNUSED_VARIABLE = YES;
				IPHONEOS_DEPLOYMENT_TARGET = 10.3;
				MTL_ENABLE_DEBUG_INFO = YES;
				ONLY_ACTIVE_ARCH = YES;
				SDKROOT = iphoneos;
				SWIFT_ACTIVE_COMPILATION_CONDITIONS = DEBUG;
				SWIFT_OPTIMIZATION_LEVEL = "-Onone";
				TARGETED_DEVICE_FAMILY = "1,2";
			};
			name = Debug;
		};
		3DBD499E1F5DE79D0087ED71 /* Release */ = {
			isa = XCBuildConfiguration;
			buildSettings = {
				ALWAYS_SEARCH_USER_PATHS = NO;
				CLANG_ANALYZER_NONNULL = YES;
				CLANG_ANALYZER_NUMBER_OBJECT_CONVERSION = YES_AGGRESSIVE;
				CLANG_CXX_LANGUAGE_STANDARD = "gnu++0x";
				CLANG_CXX_LIBRARY = "libc++";
				CLANG_ENABLE_MODULES = YES;
				CLANG_ENABLE_OBJC_ARC = YES;
				CLANG_WARN_BOOL_CONVERSION = YES;
				CLANG_WARN_CONSTANT_CONVERSION = YES;
				CLANG_WARN_DIRECT_OBJC_ISA_USAGE = YES_ERROR;
				CLANG_WARN_DOCUMENTATION_COMMENTS = YES;
				CLANG_WARN_EMPTY_BODY = YES;
				CLANG_WARN_ENUM_CONVERSION = YES;
				CLANG_WARN_INFINITE_RECURSION = YES;
				CLANG_WARN_INT_CONVERSION = YES;
				CLANG_WARN_OBJC_ROOT_CLASS = YES_ERROR;
				CLANG_WARN_SUSPICIOUS_MOVE = YES;
				CLANG_WARN_UNREACHABLE_CODE = YES;
				CLANG_WARN__DUPLICATE_METHOD_MATCH = YES;
				"CODE_SIGN_IDENTITY[sdk=iphoneos*]" = "iPhone Developer";
				COPY_PHASE_STRIP = NO;
				DEBUG_INFORMATION_FORMAT = "dwarf-with-dsym";
				ENABLE_NS_ASSERTIONS = NO;
				ENABLE_STRICT_OBJC_MSGSEND = YES;
				GCC_C_LANGUAGE_STANDARD = gnu99;
				GCC_NO_COMMON_BLOCKS = YES;
				GCC_WARN_64_TO_32_BIT_CONVERSION = YES;
				GCC_WARN_ABOUT_RETURN_TYPE = YES_ERROR;
				GCC_WARN_UNDECLARED_SELECTOR = YES;
				GCC_WARN_UNINITIALIZED_AUTOS = YES_AGGRESSIVE;
				GCC_WARN_UNUSED_FUNCTION = YES;
				GCC_WARN_UNUSED_VARIABLE = YES;
				IPHONEOS_DEPLOYMENT_TARGET = 10.3;
				MTL_ENABLE_DEBUG_INFO = NO;
				SDKROOT = iphoneos;
				SWIFT_OPTIMIZATION_LEVEL = "-Owholemodule";
				TARGETED_DEVICE_FAMILY = "1,2";
				VALIDATE_PRODUCT = YES;
			};
			name = Release;
		};
		3DBD49A01F5DE79D0087ED71 /* Debug */ = {
			isa = XCBuildConfiguration;
			buildSettings = {
				ASSETCATALOG_COMPILER_APPICON_NAME = AppIcon;
				DEVELOPMENT_TEAM = BD2TPDQG5D;
				INFOPLIST_FILE = GraphL10n/Info.plist;
				LD_RUNPATH_SEARCH_PATHS = "$(inherited) @executable_path/Frameworks";
				PRODUCT_BUNDLE_IDENTIFIER = tr.youts.GraphL10n;
				PRODUCT_NAME = "$(TARGET_NAME)";
				SWIFT_VERSION = 3.0;
			};
			name = Debug;
		};
		3DBD49A11F5DE79D0087ED71 /* Release */ = {
			isa = XCBuildConfiguration;
			buildSettings = {
				ASSETCATALOG_COMPILER_APPICON_NAME = AppIcon;
				DEVELOPMENT_TEAM = BD2TPDQG5D;
				INFOPLIST_FILE = GraphL10n/Info.plist;
				LD_RUNPATH_SEARCH_PATHS = "$(inherited) @executable_path/Frameworks";
				PRODUCT_BUNDLE_IDENTIFIER = tr.youts.GraphL10n;
				PRODUCT_NAME = "$(TARGET_NAME)";
				SWIFT_VERSION = 3.0;
			};
			name = Release;
		};
/* End XCBuildConfiguration section */

/* Begin XCConfigurationList section */
		3DBD49881F5DE79D0087ED71 /* Build configuration list for PBXProject "GraphL10n" */ = {
			isa = XCConfigurationList;
			buildConfigurations = (
				3DBD499D1F5DE79D0087ED71 /* Debug */,
				3DBD499E1F5DE79D0087ED71 /* Release */,
			);
			defaultConfigurationIsVisible = 0;
			defaultConfigurationName = Release;
		};
		3DBD499F1F5DE79D0087ED71 /* Build configuration list for PBXNativeTarget "GraphL10n" */ = {
			isa = XCConfigurationList;
			buildConfigurations = (
				3DBD49A01F5DE79D0087ED71 /* Debug */,
				3DBD49A11F5DE79D0087ED71 /* Release */,
			);
			defaultConfigurationIsVisible = 0;
		};
/* End XCConfigurationList section */
	};
	rootObject = 3DBD49851F5DE79D0087ED71 /* Project object */;
}
