// !$*UTF8*$!
{
	archiveVersion = 1;
	classes = {
	};
	objectVersion = 46;
	objects = {

/* Begin PBXBuildFile section */
		1B4F5A1EA0EBD34A1CE228E2 /* Pods_MaterialCosmicMindStudies.framework in Frameworks */ = {isa = PBXBuildFile; fileRef = 4AA2430463B6E1262EED41F9 /* Pods_MaterialCosmicMindStudies.framework */; };
		3D28CED11F65CA9800A1A435 /* AppDelegate.swift in Sources */ = {isa = PBXBuildFile; fileRef = 3D28CED01F65CA9800A1A435 /* AppDelegate.swift */; };
		3D28CED81F65CA9800A1A435 /* Assets.xcassets in Resources */ = {isa = PBXBuildFile; fileRef = 3D28CED71F65CA9800A1A435 /* Assets.xcassets */; };
		3D28CEDB1F65CA9800A1A435 /* LaunchScreen.storyboard in Resources */ = {isa = PBXBuildFile; fileRef = 3D28CED91F65CA9800A1A435 /* LaunchScreen.storyboard */; };
		3D28CEE31F65CF0100A1A435 /* ViewController.swift in Sources */ = {isa = PBXBuildFile; fileRef = 3D28CEE21F65CF0100A1A435 /* ViewController.swift */; };
		3D28CEE71F65D05C00A1A435 /* AppNavigationController.swift in Sources */ = {isa = PBXBuildFile; fileRef = 3D28CEE41F65D05C00A1A435 /* AppNavigationController.swift */; };
		3D28CEE81F65D05C00A1A435 /* RootViewController.swift in Sources */ = {isa = PBXBuildFile; fileRef = 3D28CEE51F65D05C00A1A435 /* RootViewController.swift */; };
		3D28CEE91F65D05C00A1A435 /* TransitionViewController.swift in Sources */ = {isa = PBXBuildFile; fileRef = 3D28CEE61F65D05C00A1A435 /* TransitionViewController.swift */; };
/* End PBXBuildFile section */

/* Begin PBXFileReference section */
		3D28CECD1F65CA9800A1A435 /* MaterialCosmicMindStudies.app */ = {isa = PBXFileReference; explicitFileType = wrapper.application; includeInIndex = 0; path = MaterialCosmicMindStudies.app; sourceTree = BUILT_PRODUCTS_DIR; };
		3D28CED01F65CA9800A1A435 /* AppDelegate.swift */ = {isa = PBXFileReference; lastKnownFileType = sourcecode.swift; path = AppDelegate.swift; sourceTree = "<group>"; };
		3D28CED71F65CA9800A1A435 /* Assets.xcassets */ = {isa = PBXFileReference; lastKnownFileType = folder.assetcatalog; path = Assets.xcassets; sourceTree = "<group>"; };
		3D28CEDA1F65CA9800A1A435 /* Base */ = {isa = PBXFileReference; lastKnownFileType = file.storyboard; name = Base; path = Base.lproj/LaunchScreen.storyboard; sourceTree = "<group>"; };
		3D28CEDC1F65CA9800A1A435 /* Info.plist */ = {isa = PBXFileReference; lastKnownFileType = text.plist.xml; path = Info.plist; sourceTree = "<group>"; };
		3D28CEE21F65CF0100A1A435 /* ViewController.swift */ = {isa = PBXFileReference; fileEncoding = 4; lastKnownFileType = sourcecode.swift; path = ViewController.swift; sourceTree = "<group>"; };
		3D28CEE41F65D05C00A1A435 /* AppNavigationController.swift */ = {isa = PBXFileReference; fileEncoding = 4; lastKnownFileType = sourcecode.swift; path = AppNavigationController.swift; sourceTree = "<group>"; };
		3D28CEE51F65D05C00A1A435 /* RootViewController.swift */ = {isa = PBXFileReference; fileEncoding = 4; lastKnownFileType = sourcecode.swift; path = RootViewController.swift; sourceTree = "<group>"; };
		3D28CEE61F65D05C00A1A435 /* TransitionViewController.swift */ = {isa = PBXFileReference; fileEncoding = 4; lastKnownFileType = sourcecode.swift; path = TransitionViewController.swift; sourceTree = "<group>"; };
		4AA2430463B6E1262EED41F9 /* Pods_MaterialCosmicMindStudies.framework */ = {isa = PBXFileReference; explicitFileType = wrapper.framework; includeInIndex = 0; path = Pods_MaterialCosmicMindStudies.framework; sourceTree = BUILT_PRODUCTS_DIR; };
		ECF9C483C671F7B76E5F77D1 /* Pods-MaterialCosmicMindStudies.debug.xcconfig */ = {isa = PBXFileReference; includeInIndex = 1; lastKnownFileType = text.xcconfig; name = "Pods-MaterialCosmicMindStudies.debug.xcconfig"; path = "Pods/Target Support Files/Pods-MaterialCosmicMindStudies/Pods-MaterialCosmicMindStudies.debug.xcconfig"; sourceTree = "<group>"; };
		EFF060CB2BD32D42981793C2 /* Pods-MaterialCosmicMindStudies.release.xcconfig */ = {isa = PBXFileReference; includeInIndex = 1; lastKnownFileType = text.xcconfig; name = "Pods-MaterialCosmicMindStudies.release.xcconfig"; path = "Pods/Target Support Files/Pods-MaterialCosmicMindStudies/Pods-MaterialCosmicMindStudies.release.xcconfig"; sourceTree = "<group>"; };
/* End PBXFileReference section */

/* Begin PBXFrameworksBuildPhase section */
		3D28CECA1F65CA9800A1A435 /* Frameworks */ = {
			isa = PBXFrameworksBuildPhase;
			buildActionMask = 2147483647;
			files = (
				1B4F5A1EA0EBD34A1CE228E2 /* Pods_MaterialCosmicMindStudies.framework in Frameworks */,
			);
			runOnlyForDeploymentPostprocessing = 0;
		};
/* End PBXFrameworksBuildPhase section */

/* Begin PBXGroup section */
		26CACE26C86655861CC99E2A /* Frameworks */ = {
			isa = PBXGroup;
			children = (
				4AA2430463B6E1262EED41F9 /* Pods_MaterialCosmicMindStudies.framework */,
			);
			name = Frameworks;
			sourceTree = "<group>";
		};
		3D28CEC41F65CA9800A1A435 = {
			isa = PBXGroup;
			children = (
				3D28CECF1F65CA9800A1A435 /* MaterialCosmicMindStudies */,
				3D28CECE1F65CA9800A1A435 /* Products */,
				8BFA4EDE6BF35626CD4CC024 /* Pods */,
				26CACE26C86655861CC99E2A /* Frameworks */,
			);
			sourceTree = "<group>";
		};
		3D28CECE1F65CA9800A1A435 /* Products */ = {
			isa = PBXGroup;
			children = (
				3D28CECD1F65CA9800A1A435 /* MaterialCosmicMindStudies.app */,
			);
			name = Products;
			sourceTree = "<group>";
		};
		3D28CECF1F65CA9800A1A435 /* MaterialCosmicMindStudies */ = {
			isa = PBXGroup;
			children = (
				3D28CED01F65CA9800A1A435 /* AppDelegate.swift */,
				3D28CEE41F65D05C00A1A435 /* AppNavigationController.swift */,
				3D28CEE51F65D05C00A1A435 /* RootViewController.swift */,
				3D28CEE61F65D05C00A1A435 /* TransitionViewController.swift */,
				3D28CED71F65CA9800A1A435 /* Assets.xcassets */,
				3D28CED91F65CA9800A1A435 /* LaunchScreen.storyboard */,
				3D28CEDC1F65CA9800A1A435 /* Info.plist */,
				3D28CEE21F65CF0100A1A435 /* ViewController.swift */,
			);
			path = MaterialCosmicMindStudies;
			sourceTree = "<group>";
		};
		8BFA4EDE6BF35626CD4CC024 /* Pods */ = {
			isa = PBXGroup;
			children = (
				ECF9C483C671F7B76E5F77D1 /* Pods-MaterialCosmicMindStudies.debug.xcconfig */,
				EFF060CB2BD32D42981793C2 /* Pods-MaterialCosmicMindStudies.release.xcconfig */,
			);
			name = Pods;
			sourceTree = "<group>";
		};
/* End PBXGroup section */

/* Begin PBXNativeTarget section */
		3D28CECC1F65CA9800A1A435 /* MaterialCosmicMindStudies */ = {
			isa = PBXNativeTarget;
			buildConfigurationList = 3D28CEDF1F65CA9800A1A435 /* Build configuration list for PBXNativeTarget "MaterialCosmicMindStudies" */;
			buildPhases = (
				81C49C6FC9BA14CB8B3C3C49 /* [CP] Check Pods Manifest.lock */,
				3D28CEC91F65CA9800A1A435 /* Sources */,
				3D28CECA1F65CA9800A1A435 /* Frameworks */,
				3D28CECB1F65CA9800A1A435 /* Resources */,
				92E84F88D9F23411AC20A81F /* [CP] Embed Pods Frameworks */,
				6B38B8C13BB419C2ABA351BD /* [CP] Copy Pods Resources */,
			);
			buildRules = (
			);
			dependencies = (
			);
			name = MaterialCosmicMindStudies;
			productName = MaterialCosmicMindStudies;
			productReference = 3D28CECD1F65CA9800A1A435 /* MaterialCosmicMindStudies.app */;
			productType = "com.apple.product-type.application";
		};
/* End PBXNativeTarget section */

/* Begin PBXProject section */
		3D28CEC51F65CA9800A1A435 /* Project object */ = {
			isa = PBXProject;
			attributes = {
				LastSwiftUpdateCheck = 0830;
				LastUpgradeCheck = 0830;
				ORGANIZATIONNAME = "Closure One";
				TargetAttributes = {
					3D28CECC1F65CA9800A1A435 = {
						CreatedOnToolsVersion = 8.3.3;
						DevelopmentTeam = BD2TPDQG5D;
						ProvisioningStyle = Automatic;
					};
				};
			};
			buildConfigurationList = 3D28CEC81F65CA9800A1A435 /* Build configuration list for PBXProject "MaterialCosmicMindStudies" */;
			compatibilityVersion = "Xcode 3.2";
			developmentRegion = English;
			hasScannedForEncodings = 0;
			knownRegions = (
				en,
				Base,
			);
			mainGroup = 3D28CEC41F65CA9800A1A435;
			productRefGroup = 3D28CECE1F65CA9800A1A435 /* Products */;
			projectDirPath = "";
			projectRoot = "";
			targets = (
				3D28CECC1F65CA9800A1A435 /* MaterialCosmicMindStudies */,
			);
		};
/* End PBXProject section */

/* Begin PBXResourcesBuildPhase section */
		3D28CECB1F65CA9800A1A435 /* Resources */ = {
			isa = PBXResourcesBuildPhase;
			buildActionMask = 2147483647;
			files = (
				3D28CEDB1F65CA9800A1A435 /* LaunchScreen.storyboard in Resources */,
				3D28CED81F65CA9800A1A435 /* Assets.xcassets in Resources */,
			);
			runOnlyForDeploymentPostprocessing = 0;
		};
/* End PBXResourcesBuildPhase section */

/* Begin PBXShellScriptBuildPhase section */
		6B38B8C13BB419C2ABA351BD /* [CP] Copy Pods Resources */ = {
			isa = PBXShellScriptBuildPhase;
			buildActionMask = 2147483647;
			files = (
			);
			inputPaths = (
			);
			name = "[CP] Copy Pods Resources";
			outputPaths = (
			);
			runOnlyForDeploymentPostprocessing = 0;
			shellPath = /bin/sh;
			shellScript = "\"${SRCROOT}/Pods/Target Support Files/Pods-MaterialCosmicMindStudies/Pods-MaterialCosmicMindStudies-resources.sh\"\n";
			showEnvVarsInLog = 0;
		};
		81C49C6FC9BA14CB8B3C3C49 /* [CP] Check Pods Manifest.lock */ = {
			isa = PBXShellScriptBuildPhase;
			buildActionMask = 2147483647;
			files = (
			);
			inputPaths = (
				"${PODS_PODFILE_DIR_PATH}/Podfile.lock",
				"${PODS_ROOT}/Manifest.lock",
			);
			name = "[CP] Check Pods Manifest.lock";
			outputPaths = (
				"$(DERIVED_FILE_DIR)/Pods-MaterialCosmicMindStudies-checkManifestLockResult.txt",
			);
			runOnlyForDeploymentPostprocessing = 0;
			shellPath = /bin/sh;
			shellScript = "diff \"${PODS_PODFILE_DIR_PATH}/Podfile.lock\" \"${PODS_ROOT}/Manifest.lock\" > /dev/null\nif [ $? != 0 ] ; then\n    # print error to STDERR\n    echo \"error: The sandbox is not in sync with the Podfile.lock. Run 'pod install' or update your CocoaPods installation.\" >&2\n    exit 1\nfi\n# This output is used by Xcode 'outputs' to avoid re-running this script phase.\necho \"SUCCESS\" > \"${SCRIPT_OUTPUT_FILE_0}\"\n";
			showEnvVarsInLog = 0;
		};
		92E84F88D9F23411AC20A81F /* [CP] Embed Pods Frameworks */ = {
			isa = PBXShellScriptBuildPhase;
			buildActionMask = 2147483647;
			files = (
			);
			inputPaths = (
				"${SRCROOT}/Pods/Target Support Files/Pods-MaterialCosmicMindStudies/Pods-MaterialCosmicMindStudies-frameworks.sh",
				"${BUILT_PRODUCTS_DIR}/CleanroomLogger/CleanroomLogger.framework",
				"${BUILT_PRODUCTS_DIR}/Graph/Graph.framework",
				"${BUILT_PRODUCTS_DIR}/Material/Material.framework",
			);
			name = "[CP] Embed Pods Frameworks";
			outputPaths = (
				"${TARGET_BUILD_DIR}/${FRAMEWORKS_FOLDER_PATH}/CleanroomLogger.framework",
				"${TARGET_BUILD_DIR}/${FRAMEWORKS_FOLDER_PATH}/Graph.framework",
				"${TARGET_BUILD_DIR}/${FRAMEWORKS_FOLDER_PATH}/Material.framework",
			);
			runOnlyForDeploymentPostprocessing = 0;
			shellPath = /bin/sh;
			shellScript = "\"${SRCROOT}/Pods/Target Support Files/Pods-MaterialCosmicMindStudies/Pods-MaterialCosmicMindStudies-frameworks.sh\"\n";
			showEnvVarsInLog = 0;
		};
/* End PBXShellScriptBuildPhase section */

/* Begin PBXSourcesBuildPhase section */
		3D28CEC91F65CA9800A1A435 /* Sources */ = {
			isa = PBXSourcesBuildPhase;
			buildActionMask = 2147483647;
			files = (
				3D28CEE71F65D05C00A1A435 /* AppNavigationController.swift in Sources */,
				3D28CEE31F65CF0100A1A435 /* ViewController.swift in Sources */,
				3D28CEE81F65D05C00A1A435 /* RootViewController.swift in Sources */,
				3D28CEE91F65D05C00A1A435 /* TransitionViewController.swift in Sources */,
				3D28CED11F65CA9800A1A435 /* AppDelegate.swift in Sources */,
			);
			runOnlyForDeploymentPostprocessing = 0;
		};
/* End PBXSourcesBuildPhase section */

/* Begin PBXVariantGroup section */
		3D28CED91F65CA9800A1A435 /* LaunchScreen.storyboard */ = {
			isa = PBXVariantGroup;
			children = (
				3D28CEDA1F65CA9800A1A435 /* Base */,
			);
			name = LaunchScreen.storyboard;
			sourceTree = "<group>";
		};
/* End PBXVariantGroup section */

/* Begin XCBuildConfiguration section */
		3D28CEDD1F65CA9800A1A435 /* Debug */ = {
			isa = XCBuildConfiguration;
			buildSettings = {
				ALWAYS_SEARCH_USER_PATHS = NO;
				CLANG_ANALYZER_NONNULL = YES;
				CLANG_ANALYZER_NUMBER_OBJECT_CONVERSION = YES_AGGRESSIVE;
				CLANG_CXX_LANGUAGE_STANDARD = "gnu++0x";
				CLANG_CXX_LIBRARY = "libc++";
				CLANG_ENABLE_MODULES = YES;
				CLANG_ENABLE_OBJC_ARC = YES;
				CLANG_WARN_BOOL_CONVERSION = YES;
				CLANG_WARN_CONSTANT_CONVERSION = YES;
				CLANG_WARN_DIRECT_OBJC_ISA_USAGE = YES_ERROR;
				CLANG_WARN_DOCUMENTATION_COMMENTS = YES;
				CLANG_WARN_EMPTY_BODY = YES;
				CLANG_WARN_ENUM_CONVERSION = YES;
				CLANG_WARN_INFINITE_RECURSION = YES;
				CLANG_WARN_INT_CONVERSION = YES;
				CLANG_WARN_OBJC_ROOT_CLASS = YES_ERROR;
				CLANG_WARN_SUSPICIOUS_MOVE = YES;
				CLANG_WARN_UNREACHABLE_CODE = YES;
				CLANG_WARN__DUPLICATE_METHOD_MATCH = YES;
				"CODE_SIGN_IDENTITY[sdk=iphoneos*]" = "iPhone Developer";
				COPY_PHASE_STRIP = NO;
				DEBUG_INFORMATION_FORMAT = dwarf;
				ENABLE_STRICT_OBJC_MSGSEND = YES;
				ENABLE_TESTABILITY = YES;
				GCC_C_LANGUAGE_STANDARD = gnu99;
				GCC_DYNAMIC_NO_PIC = NO;
				GCC_NO_COMMON_BLOCKS = YES;
				GCC_OPTIMIZATION_LEVEL = 0;
				GCC_PREPROCESSOR_DEFINITIONS = (
					"DEBUG=1",
					"$(inherited)",
				);
				GCC_WARN_64_TO_32_BIT_CONVERSION = YES;
				GCC_WARN_ABOUT_RETURN_TYPE = YES_ERROR;
				GCC_WARN_UNDECLARED_SELECTOR = YES;
				GCC_WARN_UNINITIALIZED_AUTOS = YES_AGGRESSIVE;
				GCC_WARN_UNUSED_FUNCTION = YES;
				GCC_WARN_UNUSED_VARIABLE = YES;
				IPHONEOS_DEPLOYMENT_TARGET = 10.3;
				MTL_ENABLE_DEBUG_INFO = YES;
				ONLY_ACTIVE_ARCH = YES;
				SDKROOT = iphoneos;
				SWIFT_ACTIVE_COMPILATION_CONDITIONS = DEBUG;
				SWIFT_OPTIMIZATION_LEVEL = "-Onone";
				TARGETED_DEVICE_FAMILY = "1,2";
			};
			name = Debug;
		};
		3D28CEDE1F65CA9800A1A435 /* Release */ = {
			isa = XCBuildConfiguration;
			buildSettings = {
				ALWAYS_SEARCH_USER_PATHS = NO;
				CLANG_ANALYZER_NONNULL = YES;
				CLANG_ANALYZER_NUMBER_OBJECT_CONVERSION = YES_AGGRESSIVE;
				CLANG_CXX_LANGUAGE_STANDARD = "gnu++0x";
				CLANG_CXX_LIBRARY = "libc++";
				CLANG_ENABLE_MODULES = YES;
				CLANG_ENABLE_OBJC_ARC = YES;
				CLANG_WARN_BOOL_CONVERSION = YES;
				CLANG_WARN_CONSTANT_CONVERSION = YES;
				CLANG_WARN_DIRECT_OBJC_ISA_USAGE = YES_ERROR;
				CLANG_WARN_DOCUMENTATION_COMMENTS = YES;
				CLANG_WARN_EMPTY_BODY = YES;
				CLANG_WARN_ENUM_CONVERSION = YES;
				CLANG_WARN_INFINITE_RECURSION = YES;
				CLANG_WARN_INT_CONVERSION = YES;
				CLANG_WARN_OBJC_ROOT_CLASS = YES_ERROR;
				CLANG_WARN_SUSPICIOUS_MOVE = YES;
				CLANG_WARN_UNREACHABLE_CODE = YES;
				CLANG_WARN__DUPLICATE_METHOD_MATCH = YES;
				"CODE_SIGN_IDENTITY[sdk=iphoneos*]" = "iPhone Developer";
				COPY_PHASE_STRIP = NO;
				DEBUG_INFORMATION_FORMAT = "dwarf-with-dsym";
				ENABLE_NS_ASSERTIONS = NO;
				ENABLE_STRICT_OBJC_MSGSEND = YES;
				GCC_C_LANGUAGE_STANDARD = gnu99;
				GCC_NO_COMMON_BLOCKS = YES;
				GCC_WARN_64_TO_32_BIT_CONVERSION = YES;
				GCC_WARN_ABOUT_RETURN_TYPE = YES_ERROR;
				GCC_WARN_UNDECLARED_SELECTOR = YES;
				GCC_WARN_UNINITIALIZED_AUTOS = YES_AGGRESSIVE;
				GCC_WARN_UNUSED_FUNCTION = YES;
				GCC_WARN_UNUSED_VARIABLE = YES;
				IPHONEOS_DEPLOYMENT_TARGET = 10.3;
				MTL_ENABLE_DEBUG_INFO = NO;
				SDKROOT = iphoneos;
				SWIFT_OPTIMIZATION_LEVEL = "-Owholemodule";
				TARGETED_DEVICE_FAMILY = "1,2";
				VALIDATE_PRODUCT = YES;
			};
			name = Release;
		};
		3D28CEE01F65CA9800A1A435 /* Debug */ = {
			isa = XCBuildConfiguration;
			baseConfigurationReference = ECF9C483C671F7B76E5F77D1 /* Pods-MaterialCosmicMindStudies.debug.xcconfig */;
			buildSettings = {
				ASSETCATALOG_COMPILER_APPICON_NAME = AppIcon;
				DEVELOPMENT_TEAM = BD2TPDQG5D;
				INFOPLIST_FILE = MaterialCosmicMindStudies/Info.plist;
				LD_RUNPATH_SEARCH_PATHS = "$(inherited) @executable_path/Frameworks";
				PRODUCT_BUNDLE_IDENTIFIER = com.closureone.MaterialCosmicMindStudies;
				PRODUCT_NAME = "$(TARGET_NAME)";
				SWIFT_VERSION = 3.0;
				TARGETED_DEVICE_FAMILY = "1,2";
			};
			name = Debug;
		};
		3D28CEE11F65CA9800A1A435 /* Release */ = {
			isa = XCBuildConfiguration;
			baseConfigurationReference = EFF060CB2BD32D42981793C2 /* Pods-MaterialCosmicMindStudies.release.xcconfig */;
			buildSettings = {
				ASSETCATALOG_COMPILER_APPICON_NAME = AppIcon;
				DEVELOPMENT_TEAM = BD2TPDQG5D;
				INFOPLIST_FILE = MaterialCosmicMindStudies/Info.plist;
				LD_RUNPATH_SEARCH_PATHS = "$(inherited) @executable_path/Frameworks";
				PRODUCT_BUNDLE_IDENTIFIER = com.closureone.MaterialCosmicMindStudies;
				PRODUCT_NAME = "$(TARGET_NAME)";
				SWIFT_VERSION = 3.0;
				TARGETED_DEVICE_FAMILY = "1,2";
			};
			name = Release;
		};
/* End XCBuildConfiguration section */

/* Begin XCConfigurationList section */
		3D28CEC81F65CA9800A1A435 /* Build configuration list for PBXProject "MaterialCosmicMindStudies" */ = {
			isa = XCConfigurationList;
			buildConfigurations = (
				3D28CEDD1F65CA9800A1A435 /* Debug */,
				3D28CEDE1F65CA9800A1A435 /* Release */,
			);
			defaultConfigurationIsVisible = 0;
			defaultConfigurationName = Release;
		};
		3D28CEDF1F65CA9800A1A435 /* Build configuration list for PBXNativeTarget "MaterialCosmicMindStudies" */ = {
			isa = XCConfigurationList;
			buildConfigurations = (
				3D28CEE01F65CA9800A1A435 /* Debug */,
				3D28CEE11F65CA9800A1A435 /* Release */,
			);
			defaultConfigurationIsVisible = 0;
			defaultConfigurationName = Release;
		};
/* End XCConfigurationList section */
	};
	rootObject = 3D28CEC51F65CA9800A1A435 /* Project object */;
}
